
Microsoft Visual Studio Solution File, Format Version 12.00
# Visual Studio Version 17
VisualStudioVersion = 17.14.36310.24 d17.14
MinimumVisualStudioVersion = 10.0.40219.1
Project("{FAE04EC0-301F-11D3-BF4B-00C04F79EFBC}") = "TransaccionesEF", "TransaccionesEF.csproj", "{59C485DF-110C-4868-AF7A-8EC515037EDD}"
EndProject
Global
	GlobalSection(SolutionConfigurationPlatforms) = preSolution
		Debug|Any CPU = Debug|Any CPU
		Release|Any CPU = Release|Any CPU
	EndGlobalSection
	GlobalSection(ProjectConfigurationPlatforms) = postSolution
		{59C485DF-110C-4868-AF7A-8EC515037EDD}.Debug|Any CPU.ActiveCfg = Debug|Any CPU
		{59C485DF-110C-4868-AF7A-8EC515037EDD}.Debug|Any CPU.Build.0 = Debug|Any CPU
		{59C485DF-110C-4868-AF7A-8EC515037EDD}.Release|Any CPU.ActiveCfg = Release|Any CPU
		{59C485DF-110C-4868-AF7A-8EC515037EDD}.Release|Any CPU.Build.0 = Release|Any CPU
	EndGlobalSection
	GlobalSection(SolutionProperties) = preSolution
		HideSolutionNode = FALSE
	EndGlobalSection
	GlobalSection(ExtensibilityGlobals) = postSolution
		SolutionGuid = {ACDB1317-79E8-4F02-AE63-25A9A4653A7E}
	EndGlobalSection
EndGlobal
